{
  "lockfile-version": 1,
  "manifest": {
    "version": 1,
    "install": {
      "graphviz": {
        "pkg-path": "graphviz"
      },
      "jdk21": {
        "pkg-path": "jdk21"
      },
      "nodejs": {
        "pkg-path": "nodejs"
      },
      "structurizr-cli": {
        "pkg-path": "structurizr-cli"
      },
      "vscode": {
        "pkg-path": "vscode"
      }
    },
    "hook": {},
    "profile": {},
    "options": {}
  },
  "packages": [
    {
      "attr_path": "graphviz",
      "broken": false,
      "derivation": "/nix/store/lp1lh6w3ndbl5yi9iwav717kzbv7p8vz-graphviz-12.2.1.drv",
      "description": "Graph visualization tools",
      "install_id": "graphviz",
      "license": "EPL-1.0",
      "locked_url": "https://github.com/flox/nixpkgs?rev=fbcf476f790d8a217c3eab4e12033dc4a0f6d23c",
      "name": "graphviz-12.2.1",
      "pname": "graphviz",
      "rev": "fbcf476f790d8a217c3eab4e12033dc4a0f6d23c",
      "rev_count": 844474,
      "rev_date": "2025-08-14T15:51:38Z",
      "scrape_date": "2025-08-16T01:27:10.649047Z",
      "stabilities": [
        "unstable"
      ],
      "unfree": false,
      "version": "12.2.1",
      "outputs_to_install": [
        "out"
      ],
      "outputs": {
        "out": "/nix/store/i37mzr9az9g6nql0064k1j9374bd78vc-graphviz-12.2.1"
      },
      "system": "aarch64-darwin",
      "group": "toplevel",
      "priority": 5
    },
    {
      "attr_path": "graphviz",
      "broken": false,
      "derivation": "/nix/store/sg0sb2hnzvwr3w28zdjfanbn1bs8m7yv-graphviz-12.2.1.drv",
      "description": "Graph visualization tools",
      "install_id": "graphviz",
      "license": "EPL-1.0",
      "locked_url": "https://github.com/flox/nixpkgs?rev=fbcf476f790d8a217c3eab4e12033dc4a0f6d23c",
      "name": "graphviz-12.2.1",
      "pname": "graphviz",
      "rev": "fbcf476f790d8a217c3eab4e12033dc4a0f6d23c",
      "rev_count": 844474,
      "rev_date": "2025-08-14T15:51:38Z",
      "scrape_date": "2025-08-16T01:35:12.531312Z",
      "stabilities": [
        "unstable"
      ],
      "unfree": false,
      "version": "12.2.1",
      "outputs_to_install": [
        "out"
      ],
      "outputs": {
        "out": "/nix/store/gz139cf96d4lqj49y92r37yssnxgzfb1-graphviz-12.2.1"
      },
      "system": "aarch64-linux",
      "group": "toplevel",
      "priority": 5
    },
    {
      "attr_path": "graphviz",
      "broken": false,
      "derivation": "/nix/store/adh1m4cbsfkhlqnrvq3vf4362y74jn2w-graphviz-12.2.1.drv",
      "description": "Graph visualization tools",
      "install_id": "graphviz",
      "license": "EPL-1.0",
      "locked_url": "https://github.com/flox/nixpkgs?rev=fbcf476f790d8a217c3eab4e12033dc4a0f6d23c",
      "name": "graphviz-12.2.1",
      "pname": "graphviz",
      "rev": "fbcf476f790d8a217c3eab4e12033dc4a0f6d23c",
      "rev_count": 844474,
      "rev_date": "2025-08-14T15:51:38Z",
      "scrape_date": "2025-08-16T01:43:50.567310Z",
      "stabilities": [
        "unstable"
      ],
      "unfree": false,
      "version": "12.2.1",
      "outputs_to_install": [
        "out"
      ],
      "outputs": {
        "out": "/nix/store/fcmaqrmwz4ld7xvilxsafwxw61xc2c21-graphviz-12.2.1"
      },
      "system": "x86_64-darwin",
      "group": "toplevel",
      "priority": 5
    },
    {
      "attr_path": "graphviz",
      "broken": false,
      "derivation": "/nix/store/3856y8hp9kb7bcy0h53kawn5qzfslz6z-graphviz-12.2.1.drv",
      "description": "Graph visualization tools",
      "install_id": "graphviz",
      "license": "EPL-1.0",
      "locked_url": "https://github.com/flox/nixpkgs?rev=fbcf476f790d8a217c3eab4e12033dc4a0f6d23c",
      "name": "graphviz-12.2.1",
      "pname": "graphviz",
      "rev": "fbcf476f790d8a217c3eab4e12033dc4a0f6d23c",
      "rev_count": 844474,
      "rev_date": "2025-08-14T15:51:38Z",
      "scrape_date": "2025-08-16T02:12:02.829529Z",
      "stabilities": [
        "unstable"
      ],
      "unfree": false,
      "version": "12.2.1",
      "outputs_to_install": [
        "out"
      ],
      "outputs": {
        "out": "/nix/store/cqv2d5s1n62l52sj6sydq3bl5q5sr2dd-graphviz-12.2.1"
      },
      "system": "x86_64-linux",
      "group": "toplevel",
      "priority": 5
    },
    {
      "attr_path": "jdk21",
      "broken": false,
      "derivation": "/nix/store/891b0zgnh0knvxdssh1195c2xjpwbqq2-zulu-ca-jdk-21.0.4.drv",
      "description": "Certified builds of OpenJDK",
      "install_id": "jdk21",
      "license": "GPL-2.0-only",
      "locked_url": "https://github.com/flox/nixpkgs?rev=fbcf476f790d8a217c3eab4e12033dc4a0f6d23c",
      "name": "zulu-ca-jdk-21.0.4",
      "pname": "jdk21",
      "rev": "fbcf476f790d8a217c3eab4e12033dc4a0f6d23c",
      "rev_count": 844474,
      "rev_date": "2025-08-14T15:51:38Z",
      "scrape_date": "2025-08-16T01:27:11.095325Z",
      "stabilities": [
        "unstable"
      ],
      "unfree": false,
      "version": "21.0.4",
      "outputs_to_install": [
        "out"
      ],
      "outputs": {
        "out": "/nix/store/rd89a3gnapg7wzs7w3h6vv3b4ha7md5x-zulu-ca-jdk-21.0.4"
      },
      "system": "aarch64-darwin",
      "group": "toplevel",
      "priority": 5
    },
    {
      "attr_path": "jdk21",
      "broken": false,
      "derivation": "/nix/store/04ccqz8cksbi1dbp391506wrlc2b4agy-openjdk-21.0.7+6.drv",
      "description": "Open-source Java Development Kit",
      "install_id": "jdk21",
      "license": "GPL-2.0-only",
      "locked_url": "https://github.com/flox/nixpkgs?rev=fbcf476f790d8a217c3eab4e12033dc4a0f6d23c",
      "name": "openjdk-21.0.7+6",
      "pname": "jdk21",
      "rev": "fbcf476f790d8a217c3eab4e12033dc4a0f6d23c",
      "rev_count": 844474,
      "rev_date": "2025-08-14T15:51:38Z",
      "scrape_date": "2025-08-16T01:35:13.948521Z",
      "stabilities": [
        "unstable"
      ],
      "unfree": false,
      "version": "21.0.7+6",
      "outputs_to_install": [
        "out"
      ],
      "outputs": {
        "debug": "/nix/store/7bvg3h639wp3kgpfnghhlia3z7wdpwl2-openjdk-21.0.7+6-debug",
        "out": "/nix/store/5fagbi9k08a5xksck8q5gb7p86xp1a29-openjdk-21.0.7+6"
      },
      "system": "aarch64-linux",
      "group": "toplevel",
      "priority": 5
    },
    {
      "attr_path": "jdk21",
      "broken": false,
      "derivation": "/nix/store/688is4v748p85xjkic326276qvsb1dbr-zulu-ca-jdk-21.0.4.drv",
      "description": "Certified builds of OpenJDK",
      "install_id": "jdk21",
      "license": "GPL-2.0-only",
      "locked_url": "https://github.com/flox/nixpkgs?rev=fbcf476f790d8a217c3eab4e12033dc4a0f6d23c",
      "name": "zulu-ca-jdk-21.0.4",
      "pname": "jdk21",
      "rev": "fbcf476f790d8a217c3eab4e12033dc4a0f6d23c",
      "rev_count": 844474,
      "rev_date": "2025-08-14T15:51:38Z",
      "scrape_date": "2025-08-16T01:43:51.036962Z",
      "stabilities": [
        "unstable"
      ],
      "unfree": false,
      "version": "21.0.4",
      "outputs_to_install": [
        "out"
      ],
      "outputs": {
        "out": "/nix/store/5xivll3m6dd60pf0pms7pbx795x7f83p-zulu-ca-jdk-21.0.4"
      },
      "system": "x86_64-darwin",
      "group": "toplevel",
      "priority": 5
    },
    {
      "attr_path": "jdk21",
      "broken": false,
      "derivation": "/nix/store/z0j5nckzxd5lh1vwzqz9y8gg3vy53jx3-openjdk-21.0.7+6.drv",
      "description": "Open-source Java Development Kit",
      "install_id": "jdk21",
      "license": "GPL-2.0-only",
      "locked_url": "https://github.com/flox/nixpkgs?rev=fbcf476f790d8a217c3eab4e12033dc4a0f6d23c",
      "name": "openjdk-21.0.7+6",
      "pname": "jdk21",
      "rev": "fbcf476f790d8a217c3eab4e12033dc4a0f6d23c",
      "rev_count": 844474,
      "rev_date": "2025-08-14T15:51:38Z",
      "scrape_date": "2025-08-16T02:12:04.397837Z",
      "stabilities": [
        "unstable"
      ],
      "unfree": false,
      "version": "21.0.7+6",
      "outputs_to_install": [
        "out"
      ],
      "outputs": {
        "debug": "/nix/store/3bvbwliba77ahwlibxymzlbz83i84vyy-openjdk-21.0.7+6-debug",
        "out": "/nix/store/fnshd55b29s6z88mfl3ilmdqfb7l3dqi-openjdk-21.0.7+6"
      },
      "system": "x86_64-linux",
      "group": "toplevel",
      "priority": 5
    },
    {
      "attr_path": "nodejs",
      "broken": false,
      "derivation": "/nix/store/mcpi6hknkb9dz7ipp7nzh1ln1a8ak702-nodejs-22.17.0.drv",
      "description": "Event-driven I/O framework for the V8 JavaScript engine",
      "install_id": "nodejs",
      "license": "MIT",
      "locked_url": "https://github.com/flox/nixpkgs?rev=fbcf476f790d8a217c3eab4e12033dc4a0f6d23c",
      "name": "nodejs-22.17.0",
      "pname": "nodejs",
      "rev": "fbcf476f790d8a217c3eab4e12033dc4a0f6d23c",
      "rev_count": 844474,
      "rev_date": "2025-08-14T15:51:38Z",
      "scrape_date": "2025-08-16T01:27:13.828687Z",
      "stabilities": [
        "unstable"
      ],
      "unfree": false,
      "version": "22.17.0",
      "outputs_to_install": [
        "out"
      ],
      "outputs": {
        "dev": "/nix/store/f8p8cf7impbgzqim9nbqik6z9xj5lyc3-nodejs-22.17.0-dev",
        "libv8": "/nix/store/6fy7a1dk6z2xz57v3axlzw7lrscikk2f-nodejs-22.17.0-libv8",
        "out": "/nix/store/s7dd5qi3fzjj8q5mmygi8pasp91n727c-nodejs-22.17.0"
      },
      "system": "aarch64-darwin",
      "group": "toplevel",
      "priority": 5
    },
    {
      "attr_path": "nodejs",
      "broken": false,
      "derivation": "/nix/store/hp61l0ws5s5xipwaa0y98dwi394rsas6-nodejs-22.17.0.drv",
      "description": "Event-driven I/O framework for the V8 JavaScript engine",
      "install_id": "nodejs",
      "license": "MIT",
      "locked_url": "https://github.com/flox/nixpkgs?rev=fbcf476f790d8a217c3eab4e12033dc4a0f6d23c",
      "name": "nodejs-22.17.0",
      "pname": "nodejs",
      "rev": "fbcf476f790d8a217c3eab4e12033dc4a0f6d23c",
      "rev_count": 844474,
      "rev_date": "2025-08-14T15:51:38Z",
      "scrape_date": "2025-08-16T01:35:23.995432Z",
      "stabilities": [
        "unstable"
      ],
      "unfree": false,
      "version": "22.17.0",
      "outputs_to_install": [
        "out"
      ],
      "outputs": {
        "dev": "/nix/store/vgjb162lwvdqw6vf1jlam9iaxr4g4njm-nodejs-22.17.0-dev",
        "libv8": "/nix/store/5wb5rg5d9mqahhkbaxa4igrdgq7bbqra-nodejs-22.17.0-libv8",
        "out": "/nix/store/368l5fmrl9yc2h8ngbw3b6hhp7fc8chh-nodejs-22.17.0"
      },
      "system": "aarch64-linux",
      "group": "toplevel",
      "priority": 5
    },
    {
      "attr_path": "nodejs",
      "broken": false,
      "derivation": "/nix/store/dv9i7vz3bqp38vd4alipvw57nbnh159f-nodejs-22.17.0.drv",
      "description": "Event-driven I/O framework for the V8 JavaScript engine",
      "install_id": "nodejs",
      "license": "MIT",
      "locked_url": "https://github.com/flox/nixpkgs?rev=fbcf476f790d8a217c3eab4e12033dc4a0f6d23c",
      "name": "nodejs-22.17.0",
      "pname": "nodejs",
      "rev": "fbcf476f790d8a217c3eab4e12033dc4a0f6d23c",
      "rev_count": 844474,
      "rev_date": "2025-08-14T15:51:38Z",
      "scrape_date": "2025-08-16T01:43:53.771203Z",
      "stabilities": [
        "unstable"
      ],
      "unfree": false,
      "version": "22.17.0",
      "outputs_to_install": [
        "out"
      ],
      "outputs": {
        "dev": "/nix/store/a09q6g0l907dvib30wxp2zhd1yx8p4w9-nodejs-22.17.0-dev",
        "libv8": "/nix/store/1psqihyqxkm0pa5n6b1jyy7fn7s5d3w5-nodejs-22.17.0-libv8",
        "out": "/nix/store/rn17ypna061gf9l94m8dcq4n6jwi2qmx-nodejs-22.17.0"
      },
      "system": "x86_64-darwin",
      "group": "toplevel",
      "priority": 5
    },
    {
      "attr_path": "nodejs",
      "broken": false,
      "derivation": "/nix/store/1j5phnsrk0dylzigngdwc143a20y9ify-nodejs-22.17.0.drv",
      "description": "Event-driven I/O framework for the V8 JavaScript engine",
      "install_id": "nodejs",
      "license": "MIT",
      "locked_url": "https://github.com/flox/nixpkgs?rev=fbcf476f790d8a217c3eab4e12033dc4a0f6d23c",
      "name": "nodejs-22.17.0",
      "pname": "nodejs",
      "rev": "fbcf476f790d8a217c3eab4e12033dc4a0f6d23c",
      "rev_count": 844474,
      "rev_date": "2025-08-14T15:51:38Z",
      "scrape_date": "2025-08-16T02:12:16.490100Z",
      "stabilities": [
        "unstable"
      ],
      "unfree": false,
      "version": "22.17.0",
      "outputs_to_install": [
        "out"
      ],
      "outputs": {
        "dev": "/nix/store/56m9qb3lvy446hirs940cgmgjk54yssl-nodejs-22.17.0-dev",
        "libv8": "/nix/store/40hasi9aw7r9qcacppgf712qzi8aa3br-nodejs-22.17.0-libv8",
        "out": "/nix/store/whnr2rydma74q97zs56ic601ixs88njg-nodejs-22.17.0"
      },
      "system": "x86_64-linux",
      "group": "toplevel",
      "priority": 5
    },
    {
      "attr_path": "structurizr-cli",
      "broken": false,
      "derivation": "/nix/store/m7g4kxghkyawmf9cbrs0cgz4mcngaqaf-structurizr-cli-2025.05.28.drv",
      "description": "Structurizr CLI for publishing C4 architecture diagrams and models",
      "install_id": "structurizr-cli",
      "license": "Apache-2.0",
      "locked_url": "https://github.com/flox/nixpkgs?rev=fbcf476f790d8a217c3eab4e12033dc4a0f6d23c",
      "name": "structurizr-cli-2025.05.28",
      "pname": "structurizr-cli",
      "rev": "fbcf476f790d8a217c3eab4e12033dc4a0f6d23c",
      "rev_count": 844474,
      "rev_date": "2025-08-14T15:51:38Z",
      "scrape_date": "2025-08-16T01:28:07.348276Z",
      "stabilities": [
        "unstable"
      ],
      "unfree": false,
      "version": "2025.05.28",
      "outputs_to_install": [
        "out"
      ],
      "outputs": {
        "out": "/nix/store/ajk8a4x83ra9xwhva2fr6ggc16jf6dkv-structurizr-cli-2025.05.28"
      },
      "system": "aarch64-darwin",
      "group": "toplevel",
      "priority": 5
    },
    {
      "attr_path": "structurizr-cli",
      "broken": false,
      "derivation": "/nix/store/hscngq2yj47mr4if81c77h32fscdvdq3-structurizr-cli-2025.05.28.drv",
      "description": "Structurizr CLI for publishing C4 architecture diagrams and models",
      "install_id": "structurizr-cli",
      "license": "Apache-2.0",
      "locked_url": "https://github.com/flox/nixpkgs?rev=fbcf476f790d8a217c3eab4e12033dc4a0f6d23c",
      "name": "structurizr-cli-2025.05.28",
      "pname": "structurizr-cli",
      "rev": "fbcf476f790d8a217c3eab4e12033dc4a0f6d23c",
      "rev_count": 844474,
      "rev_date": "2025-08-14T15:51:38Z",
      "scrape_date": "2025-08-16T01:36:43.843910Z",
      "stabilities": [
        "unstable"
      ],
      "unfree": false,
      "version": "2025.05.28",
      "outputs_to_install": [
        "out"
      ],
      "outputs": {
        "out": "/nix/store/6i9y5dwlnc75j6dk2ckvqgf8l6z7v4rw-structurizr-cli-2025.05.28"
      },
      "system": "aarch64-linux",
      "group": "toplevel",
      "priority": 5
    },
    {
      "attr_path": "structurizr-cli",
      "broken": false,
      "derivation": "/nix/store/xv9793lb3f5pmb6h59hxhllnsr270cvz-structurizr-cli-2025.05.28.drv",
      "description": "Structurizr CLI for publishing C4 architecture diagrams and models",
      "install_id": "structurizr-cli",
      "license": "Apache-2.0",
      "locked_url": "https://github.com/flox/nixpkgs?rev=fbcf476f790d8a217c3eab4e12033dc4a0f6d23c",
      "name": "structurizr-cli-2025.05.28",
      "pname": "structurizr-cli",
      "rev": "fbcf476f790d8a217c3eab4e12033dc4a0f6d23c",
      "rev_count": 844474,
      "rev_date": "2025-08-14T15:51:38Z",
      "scrape_date": "2025-08-16T01:44:47.031839Z",
      "stabilities": [
        "unstable"
      ],
      "unfree": false,
      "version": "2025.05.28",
      "outputs_to_install": [
        "out"
      ],
      "outputs": {
        "out": "/nix/store/kygs5i9ryj01hxgwcnbzrgrikm1pggik-structurizr-cli-2025.05.28"
      },
      "system": "x86_64-darwin",
      "group": "toplevel",
      "priority": 5
    },
    {
      "attr_path": "structurizr-cli",
      "broken": false,
      "derivation": "/nix/store/9chiddszlykz26d0n4sc2qk3dk2pzsrg-structurizr-cli-2025.05.28.drv",
      "description": "Structurizr CLI for publishing C4 architecture diagrams and models",
      "install_id": "structurizr-cli",
      "license": "Apache-2.0",
      "locked_url": "https://github.com/flox/nixpkgs?rev=fbcf476f790d8a217c3eab4e12033dc4a0f6d23c",
      "name": "structurizr-cli-2025.05.28",
      "pname": "structurizr-cli",
      "rev": "fbcf476f790d8a217c3eab4e12033dc4a0f6d23c",
      "rev_count": 844474,
      "rev_date": "2025-08-14T15:51:38Z",
      "scrape_date": "2025-08-16T02:13:42.314095Z",
      "stabilities": [
        "unstable"
      ],
      "unfree": false,
      "version": "2025.05.28",
      "outputs_to_install": [
        "out"
      ],
      "outputs": {
        "out": "/nix/store/rj10nmg13ycxz80r3lplicjlynrq6zlk-structurizr-cli-2025.05.28"
      },
      "system": "x86_64-linux",
      "group": "toplevel",
      "priority": 5
    },
    {
      "attr_path": "vscode",
      "broken": false,
      "derivation": "/nix/store/li8xqgdc2ba325k041a0wpb8mqlr3v3p-vscode-1.103.0.drv",
      "description": "Code editor developed by Microsoft",
      "install_id": "vscode",
      "license": "Unfree",
      "locked_url": "https://github.com/flox/nixpkgs?rev=fbcf476f790d8a217c3eab4e12033dc4a0f6d23c",
      "name": "vscode-1.103.0",
      "pname": "vscode",
      "rev": "fbcf476f790d8a217c3eab4e12033dc4a0f6d23c",
      "rev_count": 844474,
      "rev_date": "2025-08-14T15:51:38Z",
      "scrape_date": "2025-08-16T01:28:37.823742Z",
      "stabilities": [
        "unstable"
      ],
      "unfree": true,
      "version": "1.103.0",
      "outputs_to_install": [
        "out"
      ],
      "outputs": {
        "out": "/nix/store/c9d477q7yhlfifq4msl974q41gsqlnqy-vscode-1.103.0"
      },
      "system": "aarch64-darwin",
      "group": "toplevel",
      "priority": 5
    },
    {
      "attr_path": "vscode",
      "broken": false,
      "derivation": "/nix/store/917ab0phmyar2pza86p4sw4lnp8y12wl-vscode-1.103.0.drv",
      "description": "Code editor developed by Microsoft",
      "install_id": "vscode",
      "license": "Unfree",
      "locked_url": "https://github.com/flox/nixpkgs?rev=fbcf476f790d8a217c3eab4e12033dc4a0f6d23c",
      "name": "vscode-1.103.0",
      "pname": "vscode",
      "rev": "fbcf476f790d8a217c3eab4e12033dc4a0f6d23c",
      "rev_count": 844474,
      "rev_date": "2025-08-14T15:51:38Z",
      "scrape_date": "2025-08-16T01:37:24.670843Z",
      "stabilities": [
        "unstable"
      ],
      "unfree": true,
      "version": "1.103.0",
      "outputs_to_install": [
        "out"
      ],
      "outputs": {
        "out": "/nix/store/2cipx1kbibl58kgp760s7xlnjzlfkwax-vscode-1.103.0"
      },
      "system": "aarch64-linux",
      "group": "toplevel",
      "priority": 5
    },
    {
      "attr_path": "vscode",
      "broken": false,
      "derivation": "/nix/store/023661597yg9prksy6z40q2d278hb35g-vscode-1.103.0.drv",
      "description": "Code editor developed by Microsoft",
      "install_id": "vscode",
      "license": "Unfree",
      "locked_url": "https://github.com/flox/nixpkgs?rev=fbcf476f790d8a217c3eab4e12033dc4a0f6d23c",
      "name": "vscode-1.103.0",
      "pname": "vscode",
      "rev": "fbcf476f790d8a217c3eab4e12033dc4a0f6d23c",
      "rev_count": 844474,
      "rev_date": "2025-08-14T15:51:38Z",
      "scrape_date": "2025-08-16T01:45:17.318590Z",
      "stabilities": [
        "unstable"
      ],
      "unfree": true,
      "version": "1.103.0",
      "outputs_to_install": [
        "out"
      ],
      "outputs": {
        "out": "/nix/store/b34fiaglk212nk7cgzwqvgc0n168g285-vscode-1.103.0"
      },
      "system": "x86_64-darwin",
      "group": "toplevel",
      "priority": 5
    },
    {
      "attr_path": "vscode",
      "broken": false,
      "derivation": "/nix/store/0q6daq0n5q8i769wllpg4p5bkvf3irnj-vscode-1.103.0.drv",
      "description": "Code editor developed by Microsoft",
      "install_id": "vscode",
      "license": "Unfree",
      "locked_url": "https://github.com/flox/nixpkgs?rev=fbcf476f790d8a217c3eab4e12033dc4a0f6d23c",
      "name": "vscode-1.103.0",
      "pname": "vscode",
      "rev": "fbcf476f790d8a217c3eab4e12033dc4a0f6d23c",
      "rev_count": 844474,
      "rev_date": "2025-08-14T15:51:38Z",
      "scrape_date": "2025-08-16T02:14:24.970528Z",
      "stabilities": [
        "unstable"
      ],
      "unfree": true,
      "version": "1.103.0",
      "outputs_to_install": [
        "out"
      ],
      "outputs": {
        "out": "/nix/store/ygc96lzwkkkv49avqzlmy2gafg2yzqps-vscode-1.103.0"
      },
      "system": "x86_64-linux",
      "group": "toplevel",
      "priority": 5
    }
  ]
}